PODS:
  - Kingfisher (5.14.0):
    - Kingfisher/Core (= 5.14.0)
  - Kingfisher/Core (5.14.0)
  - Localize-Swift (3.1.0)
  - PagingKit (1.12.0)
  - PKHUD (5.3.0)
  - SnapKit (5.0.1)

DEPENDENCIES:
  - Kingfisher
  - Localize-Swift
  - PagingKit
  - PKHUD
  - SnapKit

SPEC REPOS:
  https://github.com/CocoaPods/Specs.git:
    - Kingfisher
    - Localize-Swift
    - PagingKit
    - PKHUD
    - SnapKit

SPEC CHECKSUMS:
  Kingfisher: 7b64389a43139c903ec434788344c288217c792d
  Localize-Swift: 4bed4f0ccac8be2ec3517ee359da80ba2adb0fae
  PagingKit: 3aa34f2547edad4809da888d5fa1b930456753f0
  PKHUD: 98f3e4bc904b9c916f1c5bb6d765365b5357291b
  SnapKit: 97b92857e3df3a0c71833cce143274bf6ef8e5eb

PODFILE CHECKSUM: f0a508221bbb7dfa01c932050c357b60eac81300

COCOAPODS: 1.9.1
